// !$*UTF8*$!
{
	archiveVersion = 1;
	classes = {
	};
	objectVersion = 56;
	objects = {

/* Begin PBXBuildFile section */
		A7F57E292D8AF5BB00427285 /* SwiftMapLineApp.swift in Sources */ = {isa = PBXBuildFile; fileRef = A7F57E282D8AF5BB00427285 /* SwiftMapLineApp.swift */; };
		A7F57E2B2D8AF5BB00427285 /* ContentView.swift in Sources */ = {isa = PBXBuildFile; fileRef = A7F57E2A2D8AF5BB00427285 /* ContentView.swift */; };
		A7F57E2D2D8AF5BC00427285 /* Assets.xcassets in Resources */ = {isa = PBXBuildFile; fileRef = A7F57E2C2D8AF5BC00427285 /* Assets.xcassets */; };
		A7F57E302D8AF5BC00427285 /* Preview Assets.xcassets in Resources */ = {isa = PBXBuildFile; fileRef = A7F57E2F2D8AF5BC00427285 /* Preview Assets.xcassets */; };
		A7F57E3A2D8AF5BC00427285 /* SwiftMapLineTests.swift in Sources */ = {isa = PBXBuildFile; fileRef = A7F57E392D8AF5BC00427285 /* SwiftMapLineTests.swift */; };
		A7F57E442D8AF5BC00427285 /* SwiftMapLineUITests.swift in Sources */ = {isa = PBXBuildFile; fileRef = A7F57E432D8AF5BC00427285 /* SwiftMapLineUITests.swift */; };
		A7F57E462D8AF5BC00427285 /* SwiftMapLineUITestsLaunchTests.swift in Sources */ = {isa = PBXBuildFile; fileRef = A7F57E452D8AF5BC00427285 /* SwiftMapLineUITestsLaunchTests.swift */; };
/* End PBXBuildFile section */

/* Begin PBXContainerItemProxy section */
		A7F57E362D8AF5BC00427285 /* PBXContainerItemProxy */ = {
			isa = PBXContainerItemProxy;
			containerPortal = A7F57E1D2D8AF5BB00427285 /* Project object */;
			proxyType = 1;
			remoteGlobalIDString = A7F57E242D8AF5BB00427285;
			remoteInfo = SwiftMapLine;
		};
		A7F57E402D8AF5BC00427285 /* PBXContainerItemProxy */ = {
			isa = PBXContainerItemProxy;
			containerPortal = A7F57E1D2D8AF5BB00427285 /* Project object */;
			proxyType = 1;
			remoteGlobalIDString = A7F57E242D8AF5BB00427285;
			remoteInfo = SwiftMapLine;
		};
/* End PBXContainerItemProxy section */

/* Begin PBXFileReference section */
		A7F57E252D8AF5BB00427285 /* SwiftMapLine.app */ = {isa = PBXFileReference; explicitFileType = wrapper.application; includeInIndex = 0; path = SwiftMapLine.app; sourceTree = BUILT_PRODUCTS_DIR; };
		A7F57E282D8AF5BB00427285 /* SwiftMapLineApp.swift */ = {isa = PBXFileReference; lastKnownFileType = sourcecode.swift; path = SwiftMapLineApp.swift; sourceTree = "<group>"; };
		A7F57E2A2D8AF5BB00427285 /* ContentView.swift */ = {isa = PBXFileReference; lastKnownFileType = sourcecode.swift; path = ContentView.swift; sourceTree = "<group>"; };
		A7F57E2C2D8AF5BC00427285 /* Assets.xcassets */ = {isa = PBXFileReference; lastKnownFileType = folder.assetcatalog; path = Assets.xcassets; sourceTree = "<group>"; };
		A7F57E2F2D8AF5BC00427285 /* Preview Assets.xcassets */ = {isa = PBXFileReference; lastKnownFileType = folder.assetcatalog; path = "Preview Assets.xcassets"; sourceTree = "<group>"; };
		A7F57E352D8AF5BC00427285 /* SwiftMapLineTests.xctest */ = {isa = PBXFileReference; explicitFileType = wrapper.cfbundle; includeInIndex = 0; path = SwiftMapLineTests.xctest; sourceTree = BUILT_PRODUCTS_DIR; };
		A7F57E392D8AF5BC00427285 /* SwiftMapLineTests.swift */ = {isa = PBXFileReference; lastKnownFileType = sourcecode.swift; path = SwiftMapLineTests.swift; sourceTree = "<group>"; };
		A7F57E3F2D8AF5BC00427285 /* SwiftMapLineUITests.xctest */ = {isa = PBXFileReference; explicitFileType = wrapper.cfbundle; includeInIndex = 0; path = SwiftMapLineUITests.xctest; sourceTree = BUILT_PRODUCTS_DIR; };
		A7F57E432D8AF5BC00427285 /* SwiftMapLineUITests.swift */ = {isa = PBXFileReference; lastKnownFileType = sourcecode.swift; path = SwiftMapLineUITests.swift; sourceTree = "<group>"; };
		A7F57E452D8AF5BC00427285 /* SwiftMapLineUITestsLaunchTests.swift */ = {isa = PBXFileReference; lastKnownFileType = sourcecode.swift; path = SwiftMapLineUITestsLaunchTests.swift; sourceTree = "<group>"; };
/* End PBXFileReference section */

/* Begin PBXFrameworksBuildPhase section */
		A7F57E222D8AF5BB00427285 /* Frameworks */ = {
			isa = PBXFrameworksBuildPhase;
			buildActionMask = 2147483647;
			files = (
			);
			runOnlyForDeploymentPostprocessing = 0;
		};
		A7F57E322D8AF5BC00427285 /* Frameworks */ = {
			isa = PBXFrameworksBuildPhase;
			buildActionMask = 2147483647;
			files = (
			);
			runOnlyForDeploymentPostprocessing = 0;
		};
		A7F57E3C2D8AF5BC00427285 /* Frameworks */ = {
			isa = PBXFrameworksBuildPhase;
			buildActionMask = 2147483647;
			files = (
			);
			runOnlyForDeploymentPostprocessing = 0;
		};
/* End PBXFrameworksBuildPhase section */

/* Begin PBXGroup section */
		A7F57E1C2D8AF5BB00427285 = {
			isa = PBXGroup;
			children = (
				A7F57E272D8AF5BB00427285 /* SwiftMapLine */,
				A7F57E382D8AF5BC00427285 /* SwiftMapLineTests */,
				A7F57E422D8AF5BC00427285 /* SwiftMapLineUITests */,
				A7F57E262D8AF5BB00427285 /* Products */,
			);
			sourceTree = "<group>";
		};
		A7F57E262D8AF5BB00427285 /* Products */ = {
			isa = PBXGroup;
			children = (
				A7F57E252D8AF5BB00427285 /* SwiftMapLine.app */,
				A7F57E352D8AF5BC00427285 /* SwiftMapLineTests.xctest */,
				A7F57E3F2D8AF5BC00427285 /* SwiftMapLineUITests.xctest */,
			);
			name = Products;
			sourceTree = "<group>";
		};
		A7F57E272D8AF5BB00427285 /* SwiftMapLine */ = {
			isa = PBXGroup;
			children = (
				A7F57E282D8AF5BB00427285 /* SwiftMapLineApp.swift */,
				A7F57E2A2D8AF5BB00427285 /* ContentView.swift */,
				A7F57E2C2D8AF5BC00427285 /* Assets.xcassets */,
				A7F57E2E2D8AF5BC00427285 /* Preview Content */,
			);
			path = SwiftMapLine;
			sourceTree = "<group>";
		};
		A7F57E2E2D8AF5BC00427285 /* Preview Content */ = {
			isa = PBXGroup;
			children = (
				A7F57E2F2D8AF5BC00427285 /* Preview Assets.xcassets */,
			);
			path = "Preview Content";
			sourceTree = "<group>";
		};
		A7F57E382D8AF5BC00427285 /* SwiftMapLineTests */ = {
			isa = PBXGroup;
			children = (
				A7F57E392D8AF5BC00427285 /* SwiftMapLineTests.swift */,
			);
			path = SwiftMapLineTests;
			sourceTree = "<group>";
		};
		A7F57E422D8AF5BC00427285 /* SwiftMapLineUITests */ = {
			isa = PBXGroup;
			children = (
				A7F57E432D8AF5BC00427285 /* SwiftMapLineUITests.swift */,
				A7F57E452D8AF5BC00427285 /* SwiftMapLineUITestsLaunchTests.swift */,
			);
			path = SwiftMapLineUITests;
			sourceTree = "<group>";
		};
/* End PBXGroup section */

/* Begin PBXNativeTarget section */
		A7F57E242D8AF5BB00427285 /* SwiftMapLine */ = {
			isa = PBXNativeTarget;
			buildConfigurationList = A7F57E492D8AF5BC00427285 /* Build configuration list for PBXNativeTarget "SwiftMapLine" */;
			buildPhases = (
				A7F57E212D8AF5BB00427285 /* Sources */,
				A7F57E222D8AF5BB00427285 /* Frameworks */,
				A7F57E232D8AF5BB00427285 /* Resources */,
			);
			buildRules = (
			);
			dependencies = (
			);
			name = SwiftMapLine;
			productName = SwiftMapLine;
			productReference = A7F57E252D8AF5BB00427285 /* SwiftMapLine.app */;
			productType = "com.apple.product-type.application";
		};
		A7F57E342D8AF5BC00427285 /* SwiftMapLineTests */ = {
			isa = PBXNativeTarget;
			buildConfigurationList = A7F57E4C2D8AF5BC00427285 /* Build configuration list for PBXNativeTarget "SwiftMapLineTests" */;
			buildPhases = (
				A7F57E312D8AF5BC00427285 /* Sources */,
				A7F57E322D8AF5BC00427285 /* Frameworks */,
				A7F57E332D8AF5BC00427285 /* Resources */,
			);
			buildRules = (
			);
			dependencies = (
				A7F57E372D8AF5BC00427285 /* PBXTargetDependency */,
			);
			name = SwiftMapLineTests;
			productName = SwiftMapLineTests;
			productReference = A7F57E352D8AF5BC00427285 /* SwiftMapLineTests.xctest */;
			productType = "com.apple.product-type.bundle.unit-test";
		};
		A7F57E3E2D8AF5BC00427285 /* SwiftMapLineUITests */ = {
			isa = PBXNativeTarget;
			buildConfigurationList = A7F57E4F2D8AF5BC00427285 /* Build configuration list for PBXNativeTarget "SwiftMapLineUITests" */;
			buildPhases = (
				A7F57E3B2D8AF5BC00427285 /* Sources */,
				A7F57E3C2D8AF5BC00427285 /* Frameworks */,
				A7F57E3D2D8AF5BC00427285 /* Resources */,
			);
			buildRules = (
			);
			dependencies = (
				A7F57E412D8AF5BC00427285 /* PBXTargetDependency */,
			);
			name = SwiftMapLineUITests;
			productName = SwiftMapLineUITests;
			productReference = A7F57E3F2D8AF5BC00427285 /* SwiftMapLineUITests.xctest */;
			productType = "com.apple.product-type.bundle.ui-testing";
		};
/* End PBXNativeTarget section */

/* Begin PBXProject section */
		A7F57E1D2D8AF5BB00427285 /* Project object */ = {
			isa = PBXProject;
			attributes = {
				BuildIndependentTargetsInParallel = 1;
				LastSwiftUpdateCheck = 1540;
				LastUpgradeCheck = 1540;
				TargetAttributes = {
					A7F57E242D8AF5BB00427285 = {
						CreatedOnToolsVersion = 15.4;
					};
					A7F57E342D8AF5BC00427285 = {
						CreatedOnToolsVersion = 15.4;
						TestTargetID = A7F57E242D8AF5BB00427285;
					};
					A7F57E3E2D8AF5BC00427285 = {
						CreatedOnToolsVersion = 15.4;
						TestTargetID = A7F57E242D8AF5BB00427285;
					};
				};
			};
			buildConfigurationList = A7F57E202D8AF5BB00427285 /* Build configuration list for PBXProject "SwiftMapLine" */;
			compatibilityVersion = "Xcode 14.0";
			developmentRegion = en;
			hasScannedForEncodings = 0;
			knownRegions = (
				en,
				Base,
			);
			mainGroup = A7F57E1C2D8AF5BB00427285;
			productRefGroup = A7F57E262D8AF5BB00427285 /* Products */;
			projectDirPath = "";
			projectRoot = "";
			targets = (
				A7F57E242D8AF5BB00427285 /* SwiftMapLine */,
				A7F57E342D8AF5BC00427285 /* SwiftMapLineTests */,
				A7F57E3E2D8AF5BC00427285 /* SwiftMapLineUITests */,
			);
		};
/* End PBXProject section */

/* Begin PBXResourcesBuildPhase section */
		A7F57E232D8AF5BB00427285 /* Resources */ = {
			isa = PBXResourcesBuildPhase;
			buildActionMask = 2147483647;
			files = (
				A7F57E302D8AF5BC00427285 /* Preview Assets.xcassets in Resources */,
				A7F57E2D2D8AF5BC00427285 /* Assets.xcassets in Resources */,
			);
			runOnlyForDeploymentPostprocessing = 0;
		};
		A7F57E332D8AF5BC00427285 /* Resources */ = {
			isa = PBXResourcesBuildPhase;
			buildActionMask = 2147483647;
			files = (
			);
			runOnlyForDeploymentPostprocessing = 0;
		};
		A7F57E3D2D8AF5BC00427285 /* Resources */ = {
			isa = PBXResourcesBuildPhase;
			buildActionMask = 2147483647;
			files = (
			);
			runOnlyForDeploymentPostprocessing = 0;
		};
/* End PBXResourcesBuildPhase section */

/* Begin PBXSourcesBuildPhase section */
		A7F57E212D8AF5BB00427285 /* Sources */ = {
			isa = PBXSourcesBuildPhase;
			buildActionMask = 2147483647;
			files = (
				A7F57E2B2D8AF5BB00427285 /* ContentView.swift in Sources */,
				A7F57E292D8AF5BB00427285 /* SwiftMapLineApp.swift in Sources */,
			);
			runOnlyForDeploymentPostprocessing = 0;
		};
		A7F57E312D8AF5BC00427285 /* Sources */ = {
			isa = PBXSourcesBuildPhase;
			buildActionMask = 2147483647;
			files = (
				A7F57E3A2D8AF5BC00427285 /* SwiftMapLineTests.swift in Sources */,
			);
			runOnlyForDeploymentPostprocessing = 0;
		};
		A7F57E3B2D8AF5BC00427285 /* Sources */ = {
			isa = PBXSourcesBuildPhase;
			buildActionMask = 2147483647;
			files = (
				A7F57E442D8AF5BC00427285 /* SwiftMapLineUITests.swift in Sources */,
				A7F57E462D8AF5BC00427285 /* SwiftMapLineUITestsLaunchTests.swift in Sources */,
			);
			runOnlyForDeploymentPostprocessing = 0;
		};
/* End PBXSourcesBuildPhase section */

/* Begin PBXTargetDependency section */
		A7F57E372D8AF5BC00427285 /* PBXTargetDependency */ = {
			isa = PBXTargetDependency;
			target = A7F57E242D8AF5BB00427285 /* SwiftMapLine */;
			targetProxy = A7F57E362D8AF5BC00427285 /* PBXContainerItemProxy */;
		};
		A7F57E412D8AF5BC00427285 /* PBXTargetDependency */ = {
			isa = PBXTargetDependency;
			target = A7F57E242D8AF5BB00427285 /* SwiftMapLine */;
			targetProxy = A7F57E402D8AF5BC00427285 /* PBXContainerItemProxy */;
		};
/* End PBXTargetDependency section */

/* Begin XCBuildConfiguration section */
		A7F57E472D8AF5BC00427285 /* Debug */ = {
			isa = XCBuildConfiguration;
			buildSettings = {
				ALWAYS_SEARCH_USER_PATHS = NO;
				ASSETCATALOG_COMPILER_GENERATE_SWIFT_ASSET_SYMBOL_EXTENSIONS = YES;
				CLANG_ANALYZER_NONNULL = YES;
				CLANG_ANALYZER_NUMBER_OBJECT_CONVERSION = YES_AGGRESSIVE;
				CLANG_CXX_LANGUAGE_STANDARD = "gnu++20";
				CLANG_ENABLE_MODULES = YES;
				CLANG_ENABLE_OBJC_ARC = YES;
				CLANG_ENABLE_OBJC_WEAK = YES;
				CLANG_WARN_BLOCK_CAPTURE_AUTORELEASING = YES;
				CLANG_WARN_BOOL_CONVERSION = YES;
				CLANG_WARN_COMMA = YES;
				CLANG_WARN_CONSTANT_CONVERSION = YES;
				CLANG_WARN_DEPRECATED_OBJC_IMPLEMENTATIONS = YES;
				CLANG_WARN_DIRECT_OBJC_ISA_USAGE = YES_ERROR;
				CLANG_WARN_DOCUMENTATION_COMMENTS = YES;
				CLANG_WARN_EMPTY_BODY = YES;
				CLANG_WARN_ENUM_CONVERSION = YES;
				CLANG_WARN_INFINITE_RECURSION = YES;
				CLANG_WARN_INT_CONVERSION = YES;
				CLANG_WARN_NON_LITERAL_NULL_CONVERSION = YES;
				CLANG_WARN_OBJC_IMPLICIT_RETAIN_SELF = YES;
				CLANG_WARN_OBJC_LITERAL_CONVERSION = YES;
				CLANG_WARN_OBJC_ROOT_CLASS = YES_ERROR;
				CLANG_WARN_QUOTED_INCLUDE_IN_FRAMEWORK_HEADER = YES;
				CLANG_WARN_RANGE_LOOP_ANALYSIS = YES;
				CLANG_WARN_STRICT_PROTOTYPES = YES;
				CLANG_WARN_SUSPICIOUS_MOVE = YES;
				CLANG_WARN_UNGUARDED_AVAILABILITY = YES_AGGRESSIVE;
				CLANG_WARN_UNREACHABLE_CODE = YES;
				CLANG_WARN__DUPLICATE_METHOD_MATCH = YES;
				COPY_PHASE_STRIP = NO;
				DEBUG_INFORMATION_FORMAT = dwarf;
				ENABLE_STRICT_OBJC_MSGSEND = YES;
				ENABLE_TESTABILITY = YES;
				ENABLE_USER_SCRIPT_SANDBOXING = YES;
				GCC_C_LANGUAGE_STANDARD = gnu17;
				GCC_DYNAMIC_NO_PIC = NO;
				GCC_NO_COMMON_BLOCKS = YES;
				GCC_OPTIMIZATION_LEVEL = 0;
				GCC_PREPROCESSOR_DEFINITIONS = (
					"DEBUG=1",
					"$(inherited)",
				);
				GCC_WARN_64_TO_32_BIT_CONVERSION = YES;
				GCC_WARN_ABOUT_RETURN_TYPE = YES_ERROR;
				GCC_WARN_UNDECLARED_SELECTOR = YES;
				GCC_WARN_UNINITIALIZED_AUTOS = YES_AGGRESSIVE;
				GCC_WARN_UNUSED_FUNCTION = YES;
				GCC_WARN_UNUSED_VARIABLE = YES;
				IPHONEOS_DEPLOYMENT_TARGET = 17.5;
				LOCALIZATION_PREFERS_STRING_CATALOGS = YES;
				MTL_ENABLE_DEBUG_INFO = INCLUDE_SOURCE;
				MTL_FAST_MATH = YES;
				ONLY_ACTIVE_ARCH = YES;
				SDKROOT = iphoneos;
				SWIFT_ACTIVE_COMPILATION_CONDITIONS = "DEBUG $(inherited)";
				SWIFT_OPTIMIZATION_LEVEL = "-Onone";
			};
			name = Debug;
		};
		A7F57E482D8AF5BC00427285 /* Release */ = {
			isa = XCBuildConfiguration;
			buildSettings = {
				ALWAYS_SEARCH_USER_PATHS = NO;
				ASSETCATALOG_COMPILER_GENERATE_SWIFT_ASSET_SYMBOL_EXTENSIONS = YES;
				CLANG_ANALYZER_NONNULL = YES;
				CLANG_ANALYZER_NUMBER_OBJECT_CONVERSION = YES_AGGRESSIVE;
				CLANG_CXX_LANGUAGE_STANDARD = "gnu++20";
				CLANG_ENABLE_MODULES = YES;
				CLANG_ENABLE_OBJC_ARC = YES;
				CLANG_ENABLE_OBJC_WEAK = YES;
				CLANG_WARN_BLOCK_CAPTURE_AUTORELEASING = YES;
				CLANG_WARN_BOOL_CONVERSION = YES;
				CLANG_WARN_COMMA = YES;
				CLANG_WARN_CONSTANT_CONVERSION = YES;
				CLANG_WARN_DEPRECATED_OBJC_IMPLEMENTATIONS = YES;
				CLANG_WARN_DIRECT_OBJC_ISA_USAGE = YES_ERROR;
				CLANG_WARN_DOCUMENTATION_COMMENTS = YES;
				CLANG_WARN_EMPTY_BODY = YES;
				CLANG_WARN_ENUM_CONVERSION = YES;
				CLANG_WARN_INFINITE_RECURSION = YES;
				CLANG_WARN_INT_CONVERSION = YES;
				CLANG_WARN_NON_LITERAL_NULL_CONVERSION = YES;
				CLANG_WARN_OBJC_IMPLICIT_RETAIN_SELF = YES;
				CLANG_WARN_OBJC_LITERAL_CONVERSION = YES;
				CLANG_WARN_OBJC_ROOT_CLASS = YES_ERROR;
				CLANG_WARN_QUOTED_INCLUDE_IN_FRAMEWORK_HEADER = YES;
				CLANG_WARN_RANGE_LOOP_ANALYSIS = YES;
				CLANG_WARN_STRICT_PROTOTYPES = YES;
				CLANG_WARN_SUSPICIOUS_MOVE = YES;
				CLANG_WARN_UNGUARDED_AVAILABILITY = YES_AGGRESSIVE;
				CLANG_WARN_UNREACHABLE_CODE = YES;
				CLANG_WARN__DUPLICATE_METHOD_MATCH = YES;
				COPY_PHASE_STRIP = NO;
				DEBUG_INFORMATION_FORMAT = "dwarf-with-dsym";
				ENABLE_NS_ASSERTIONS = NO;
				ENABLE_STRICT_OBJC_MSGSEND = YES;
				ENABLE_USER_SCRIPT_SANDBOXING = YES;
				GCC_C_LANGUAGE_STANDARD = gnu17;
				GCC_NO_COMMON_BLOCKS = YES;
				GCC_WARN_64_TO_32_BIT_CONVERSION = YES;
				GCC_WARN_ABOUT_RETURN_TYPE = YES_ERROR;
				GCC_WARN_UNDECLARED_SELECTOR = YES;
				GCC_WARN_UNINITIALIZED_AUTOS = YES_AGGRESSIVE;
				GCC_WARN_UNUSED_FUNCTION = YES;
				GCC_WARN_UNUSED_VARIABLE = YES;
				IPHONEOS_DEPLOYMENT_TARGET = 17.5;
				LOCALIZATION_PREFERS_STRING_CATALOGS = YES;
				MTL_ENABLE_DEBUG_INFO = NO;
				MTL_FAST_MATH = YES;
				SDKROOT = iphoneos;
				SWIFT_COMPILATION_MODE = wholemodule;
				VALIDATE_PRODUCT = YES;
			};
			name = Release;
		};
		A7F57E4A2D8AF5BC00427285 /* Debug */ = {
			isa = XCBuildConfiguration;
			buildSettings = {
				ASSETCATALOG_COMPILER_APPICON_NAME = AppIcon;
				ASSETCATALOG_COMPILER_GLOBAL_ACCENT_COLOR_NAME = AccentColor;
				CODE_SIGN_STYLE = Automatic;
				CURRENT_PROJECT_VERSION = 1;
				DEVELOPMENT_ASSET_PATHS = "\"SwiftMapLine/Preview Content\"";
				ENABLE_PREVIEWS = YES;
				GENERATE_INFOPLIST_FILE = YES;
				INFOPLIST_KEY_UIApplicationSceneManifest_Generation = YES;
				INFOPLIST_KEY_UIApplicationSupportsIndirectInputEvents = YES;
				INFOPLIST_KEY_UILaunchScreen_Generation = YES;
				INFOPLIST_KEY_UISupportedInterfaceOrientations_iPad = "UIInterfaceOrientationPortrait UIInterfaceOrientationPortraitUpsideDown UIInterfaceOrientationLandscapeLeft UIInterfaceOrientationLandscapeRight";
				INFOPLIST_KEY_UISupportedInterfaceOrientations_iPhone = "UIInterfaceOrientationPortrait UIInterfaceOrientationLandscapeLeft UIInterfaceOrientationLandscapeRight";
				LD_RUNPATH_SEARCH_PATHS = (
					"$(inherited)",
					"@executable_path/Frameworks",
				);
				MARKETING_VERSION = 1.0;
				PRODUCT_BUNDLE_IDENTIFIER = com.moririn.SwiftMapLine;
				PRODUCT_NAME = "$(TARGET_NAME)";
				SWIFT_EMIT_LOC_STRINGS = YES;
				SWIFT_VERSION = 5.0;
				TARGETED_DEVICE_FAMILY = "1,2";
			};
			name = Debug;
		};
		A7F57E4B2D8AF5BC00427285 /* Release */ = {
			isa = XCBuildConfiguration;
			buildSettings = {
				ASSETCATALOG_COMPILER_APPICON_NAME = AppIcon;
				ASSETCATALOG_COMPILER_GLOBAL_ACCENT_COLOR_NAME = AccentColor;
				CODE_SIGN_STYLE = Automatic;
				CURRENT_PROJECT_VERSION = 1;
				DEVELOPMENT_ASSET_PATHS = "\"SwiftMapLine/Preview Content\"";
				ENABLE_PREVIEWS = YES;
				GENERATE_INFOPLIST_FILE = YES;
				INFOPLIST_KEY_UIApplicationSceneManifest_Generation = YES;
				INFOPLIST_KEY_UIApplicationSupportsIndirectInputEvents = YES;
				INFOPLIST_KEY_UILaunchScreen_Generation = YES;
				INFOPLIST_KEY_UISupportedInterfaceOrientations_iPad = "UIInterfaceOrientationPortrait UIInterfaceOrientationPortraitUpsideDown UIInterfaceOrientationLandscapeLeft UIInterfaceOrientationLandscapeRight";
				INFOPLIST_KEY_UISupportedInterfaceOrientations_iPhone = "UIInterfaceOrientationPortrait UIInterfaceOrientationLandscapeLeft UIInterfaceOrientationLandscapeRight";
				LD_RUNPATH_SEARCH_PATHS = (
					"$(inherited)",
					"@executable_path/Frameworks",
				);
				MARKETING_VERSION = 1.0;
				PRODUCT_BUNDLE_IDENTIFIER = com.moririn.SwiftMapLine;
				PRODUCT_NAME = "$(TARGET_NAME)";
				SWIFT_EMIT_LOC_STRINGS = YES;
				SWIFT_VERSION = 5.0;
				TARGETED_DEVICE_FAMILY = "1,2";
			};
			name = Release;
		};
		A7F57E4D2D8AF5BC00427285 /* Debug */ = {
			isa = XCBuildConfiguration;
			buildSettings = {
				ALWAYS_EMBED_SWIFT_STANDARD_LIBRARIES = YES;
				BUNDLE_LOADER = "$(TEST_HOST)";
				CODE_SIGN_STYLE = Automatic;
				CURRENT_PROJECT_VERSION = 1;
				GENERATE_INFOPLIST_FILE = YES;
				IPHONEOS_DEPLOYMENT_TARGET = 17.5;
				MARKETING_VERSION = 1.0;
				PRODUCT_BUNDLE_IDENTIFIER = com.moririn.SwiftMapLineTests;
				PRODUCT_NAME = "$(TARGET_NAME)";
				SWIFT_EMIT_LOC_STRINGS = NO;
				SWIFT_VERSION = 5.0;
				TARGETED_DEVICE_FAMILY = "1,2";
				TEST_HOST = "$(BUILT_PRODUCTS_DIR)/SwiftMapLine.app/$(BUNDLE_EXECUTABLE_FOLDER_PATH)/SwiftMapLine";
			};
			name = Debug;
		};
		A7F57E4E2D8AF5BC00427285 /* Release */ = {
			isa = XCBuildConfiguration;
			buildSettings = {
				ALWAYS_EMBED_SWIFT_STANDARD_LIBRARIES = YES;
				BUNDLE_LOADER = "$(TEST_HOST)";
				CODE_SIGN_STYLE = Automatic;
				CURRENT_PROJECT_VERSION = 1;
				GENERATE_INFOPLIST_FILE = YES;
				IPHONEOS_DEPLOYMENT_TARGET = 17.5;
				MARKETING_VERSION = 1.0;
				PRODUCT_BUNDLE_IDENTIFIER = com.moririn.SwiftMapLineTests;
				PRODUCT_NAME = "$(TARGET_NAME)";
				SWIFT_EMIT_LOC_STRINGS = NO;
				SWIFT_VERSION = 5.0;
				TARGETED_DEVICE_FAMILY = "1,2";
				TEST_HOST = "$(BUILT_PRODUCTS_DIR)/SwiftMapLine.app/$(BUNDLE_EXECUTABLE_FOLDER_PATH)/SwiftMapLine";
			};
			name = Release;
		};
		A7F57E502D8AF5BC00427285 /* Debug */ = {
			isa = XCBuildConfiguration;
			buildSettings = {
				ALWAYS_EMBED_SWIFT_STANDARD_LIBRARIES = YES;
				CODE_SIGN_STYLE = Automatic;
				CURRENT_PROJECT_VERSION = 1;
				GENERATE_INFOPLIST_FILE = YES;
				MARKETING_VERSION = 1.0;
				PRODUCT_BUNDLE_IDENTIFIER = com.moririn.SwiftMapLineUITests;
				PRODUCT_NAME = "$(TARGET_NAME)";
				SWIFT_EMIT_LOC_STRINGS = NO;
				SWIFT_VERSION = 5.0;
				TARGETED_DEVICE_FAMILY = "1,2";
				TEST_TARGET_NAME = SwiftMapLine;
			};
			name = Debug;
		};
		A7F57E512D8AF5BC00427285 /* Release */ = {
			isa = XCBuildConfiguration;
			buildSettings = {
				ALWAYS_EMBED_SWIFT_STANDARD_LIBRARIES = YES;
				CODE_SIGN_STYLE = Automatic;
				CURRENT_PROJECT_VERSION = 1;
				GENERATE_INFOPLIST_FILE = YES;
				MARKETING_VERSION = 1.0;
				PRODUCT_BUNDLE_IDENTIFIER = com.moririn.SwiftMapLineUITests;
				PRODUCT_NAME = "$(TARGET_NAME)";
				SWIFT_EMIT_LOC_STRINGS = NO;
				SWIFT_VERSION = 5.0;
				TARGETED_DEVICE_FAMILY = "1,2";
				TEST_TARGET_NAME = SwiftMapLine;
			};
			name = Release;
		};
/* End XCBuildConfiguration section */

/* Begin XCConfigurationList section */
		A7F57E202D8AF5BB00427285 /* Build configuration list for PBXProject "SwiftMapLine" */ = {
			isa = XCConfigurationList;
			buildConfigurations = (
				A7F57E472D8AF5BC00427285 /* Debug */,
				A7F57E482D8AF5BC00427285 /* Release */,
			);
			defaultConfigurationIsVisible = 0;
			defaultConfigurationName = Release;
		};
		A7F57E492D8AF5BC00427285 /* Build configuration list for PBXNativeTarget "SwiftMapLine" */ = {
			isa = XCConfigurationList;
			buildConfigurations = (
				A7F57E4A2D8AF5BC00427285 /* Debug */,
				A7F57E4B2D8AF5BC00427285 /* Release */,
			);
			defaultConfigurationIsVisible = 0;
			defaultConfigurationName = Release;
		};
		A7F57E4C2D8AF5BC00427285 /* Build configuration list for PBXNativeTarget "SwiftMapLineTests" */ = {
			isa = XCConfigurationList;
			buildConfigurations = (
				A7F57E4D2D8AF5BC00427285 /* Debug */,
				A7F57E4E2D8AF5BC00427285 /* Release */,
			);
			defaultConfigurationIsVisible = 0;
			defaultConfigurationName = Release;
		};
		A7F57E4F2D8AF5BC00427285 /* Build configuration list for PBXNativeTarget "SwiftMapLineUITests" */ = {
			isa = XCConfigurationList;
			buildConfigurations = (
				A7F57E502D8AF5BC00427285 /* Debug */,
				A7F57E512D8AF5BC00427285 /* Release */,
			);
			defaultConfigurationIsVisible = 0;
			defaultConfigurationName = Release;
		};
/* End XCConfigurationList section */
	};
	rootObject = A7F57E1D2D8AF5BB00427285 /* Project object */;
}
